
Microsoft Visual Studio Solution File, Format Version 12.00
# Visual Studio Version 17
VisualStudioVersion = 17.14.36414.22 d17.14
MinimumVisualStudioVersion = 10.0.40219.1
Project("{FAE04EC0-301F-11D3-BF4B-00C04F79EFBC}") = "TacTicA.Llama.PdfToText.Net", "TacTicA.Llama.PdfToText.Net.csproj", "{55D46CC5-7A0F-8069-F639-93557FB31201}"
EndProject
Global
	GlobalSection(SolutionConfigurationPlatforms) = preSolution
		Debug|Any CPU = Debug|Any CPU
		Release|Any CPU = Release|Any CPU
	EndGlobalSection
	GlobalSection(ProjectConfigurationPlatforms) = postSolution
		{55D46CC5-7A0F-8069-F639-93557FB31201}.Debug|Any CPU.ActiveCfg = Debug|Any CPU
		{55D46CC5-7A0F-8069-F639-93557FB31201}.Debug|Any CPU.Build.0 = Debug|Any CPU
		{55D46CC5-7A0F-8069-F639-93557FB31201}.Release|Any CPU.ActiveCfg = Release|Any CPU
		{55D46CC5-7A0F-8069-F639-93557FB31201}.Release|Any CPU.Build.0 = Release|Any CPU
	EndGlobalSection
	GlobalSection(SolutionProperties) = preSolution
		HideSolutionNode = FALSE
	EndGlobalSection
	GlobalSection(ExtensibilityGlobals) = postSolution
		SolutionGuid = {3A8AD166-33B6-4F92-98F1-41A791BC3E88}
	EndGlobalSection
EndGlobal
